
Microsoft Visual Studio Solution File, Format Version 12.00
# Visual Studio Version 17
VisualStudioVersion = 17.12.35707.178 d17.12
MinimumVisualStudioVersion = 10.0.40219.1
Project("{FAE04EC0-301F-11D3-BF4B-00C04F79EFBC}") = "Entities", "Entities\Entities.csproj", "{93E48137-239D-4F98-BA64-422BA65F40D2}"
EndProject
Project("{FAE04EC0-301F-11D3-BF4B-00C04F79EFBC}") = "CallDoctor", "CallDoctor2\CallDoctor.csproj", "{16CE7226-F13C-4777-9823-BD0FF3169771}"
EndProject
Project("{FAE04EC0-301F-11D3-BF4B-00C04F79EFBC}") = "Services", "Services\Services.csproj", "{815C816B-E37B-46EC-B914-0C106BC92FF8}"
EndProject
Project("{FAE04EC0-301F-11D3-BF4B-00C04F79EFBC}") = "ServicesConstract", "ServicesConstract\ServicesConstract.csproj", "{8FA0BFF8-87FD-4666-87C3-9E9A68A37CCC}"
EndProject
Global
	GlobalSection(SolutionConfigurationPlatforms) = preSolution
		Debug|Any CPU = Debug|Any CPU
		Release|Any CPU = Release|Any CPU
	EndGlobalSection
	GlobalSection(ProjectConfigurationPlatforms) = postSolution
		{93E48137-239D-4F98-BA64-422BA65F40D2}.Debug|Any CPU.ActiveCfg = Debug|Any CPU
		{93E48137-239D-4F98-BA64-422BA65F40D2}.Debug|Any CPU.Build.0 = Debug|Any CPU
		{93E48137-239D-4F98-BA64-422BA65F40D2}.Release|Any CPU.ActiveCfg = Release|Any CPU
		{93E48137-239D-4F98-BA64-422BA65F40D2}.Release|Any CPU.Build.0 = Release|Any CPU
		{16CE7226-F13C-4777-9823-BD0FF3169771}.Debug|Any CPU.ActiveCfg = Debug|Any CPU
		{16CE7226-F13C-4777-9823-BD0FF3169771}.Debug|Any CPU.Build.0 = Debug|Any CPU
		{16CE7226-F13C-4777-9823-BD0FF3169771}.Release|Any CPU.ActiveCfg = Release|Any CPU
		{16CE7226-F13C-4777-9823-BD0FF3169771}.Release|Any CPU.Build.0 = Release|Any CPU
		{815C816B-E37B-46EC-B914-0C106BC92FF8}.Debug|Any CPU.ActiveCfg = Debug|Any CPU
		{815C816B-E37B-46EC-B914-0C106BC92FF8}.Debug|Any CPU.Build.0 = Debug|Any CPU
		{815C816B-E37B-46EC-B914-0C106BC92FF8}.Release|Any CPU.ActiveCfg = Release|Any CPU
		{815C816B-E37B-46EC-B914-0C106BC92FF8}.Release|Any CPU.Build.0 = Release|Any CPU
		{8FA0BFF8-87FD-4666-87C3-9E9A68A37CCC}.Debug|Any CPU.ActiveCfg = Debug|Any CPU
		{8FA0BFF8-87FD-4666-87C3-9E9A68A37CCC}.Debug|Any CPU.Build.0 = Debug|Any CPU
		{8FA0BFF8-87FD-4666-87C3-9E9A68A37CCC}.Release|Any CPU.ActiveCfg = Release|Any CPU
		{8FA0BFF8-87FD-4666-87C3-9E9A68A37CCC}.Release|Any CPU.Build.0 = Release|Any CPU
	EndGlobalSection
	GlobalSection(SolutionProperties) = preSolution
		HideSolutionNode = FALSE
	EndGlobalSection
EndGlobal
